{
  "name": "zingarena-ludo",
  "version": "1.0.0",
  "lockfileVersion": 3,
  "requires": true,
  "packages": {
    "": {
      "name": "zingarena-ludo",
      "version": "1.0.0",
      "dependencies": {
        "@capacitor/android": "^6.0.0",
        "@capacitor/app": "^6.0.0",
        "@capacitor/core": "^6.0.0",
        "cors": "^2.8.5",
        "express": "^4.18.2"
      },
      "devDependencies": {
        "@capacitor/cli": "^6.0.0"
      }
    }
  }
}
