{
  "name": "zingarena-ludo-server",
  "version": "1.0.0",
  "lockfileVersion": 3,
  "requires": true,
  "packages": {
    "": {
      "name": "zingarena-ludo-server",
      "version": "1.0.0",
      "dependencies": {
        "@capacitor-firebase/authentication": "^6.0.0",
        "@capacitor/android": "^6.0.0",
        "@capacitor/app": "^6.0.0",
        "@capacitor/core": "^6.0.0",
        "cors": "^2.8.5",
        "express": "^4.18.2",
        "firebase": "^10.12.0",
        "firebase-admin": "^12.0.0",
        "jsdom": "^30.1.0",
        "node-cron": "^3.0.3",
        "socket.io": "^4.7.2"
      },
      "devDependencies": {
        "@capacitor/assets": "^3.0.5",
        "@capacitor/cli": "^6.0.0",
        "js-yaml": "^5.4.1"
      }
    }
  }
}